
Microsoft Visual Studio Solution File, Format Version 12.00
# Visual Studio for Mac
Project("{FAE04EC0-301F-11D3-BF4B-00C04F79EFBC}") = "Survival Shooter Game", "Assembly-CSharp.csproj", "{CF2F37B0-34AA-2D75-4038-405D13248961}"
EndProject
Project("{FAE04EC0-301F-11D3-BF4B-00C04F79EFBC}") = "Survival Shooter Game", "Assembly-CSharp-Editor.csproj", "{A23808EC-17D6-509E-F036-0213C0BADD3A}"
EndProject
Global
	GlobalSection(SolutionConfigurationPlatforms) = preSolution
		Debug|Any CPU = Debug|Any CPU
		Release|Any CPU = Release|Any CPU
	EndGlobalSection
	GlobalSection(ProjectConfigurationPlatforms) = postSolution
		{CF2F37B0-34AA-2D75-4038-405D13248961}.Debug|Any CPU.ActiveCfg = Debug|Any CPU
		{CF2F37B0-34AA-2D75-4038-405D13248961}.Debug|Any CPU.Build.0 = Debug|Any CPU
		{CF2F37B0-34AA-2D75-4038-405D13248961}.Release|Any CPU.ActiveCfg = Release|Any CPU
		{CF2F37B0-34AA-2D75-4038-405D13248961}.Release|Any CPU.Build.0 = Release|Any CPU
		{A23808EC-17D6-509E-F036-0213C0BADD3A}.Debug|Any CPU.ActiveCfg = Debug|Any CPU
		{A23808EC-17D6-509E-F036-0213C0BADD3A}.Debug|Any CPU.Build.0 = Debug|Any CPU
		{A23808EC-17D6-509E-F036-0213C0BADD3A}.Release|Any CPU.ActiveCfg = Release|Any CPU
		{A23808EC-17D6-509E-F036-0213C0BADD3A}.Release|Any CPU.Build.0 = Release|Any CPU
	EndGlobalSection
	GlobalSection(SolutionProperties) = preSolution
		HideSolutionNode = FALSE
	EndGlobalSection
EndGlobal
