
Microsoft Visual Studio Solution File, Format Version 12.00
# Visual Studio 15
Project("{FAE04EC0-301F-11D3-BF4B-00C04F79EFBC}") = "Begin", "Assembly-CSharp-firstpass.csproj", "{0C64B5C1-4BB3-DA69-C859-91B043A24773}"
EndProject
Project("{FAE04EC0-301F-11D3-BF4B-00C04F79EFBC}") = "Begin", "Assembly-CSharp-Editor-firstpass.csproj", "{2E0E6FB0-6C73-47F5-F4A9-37998A6F3795}"
EndProject
Global
	GlobalSection(SolutionConfigurationPlatforms) = preSolution
		Debug|Any CPU = Debug|Any CPU
		Release|Any CPU = Release|Any CPU
	EndGlobalSection
	GlobalSection(ProjectConfigurationPlatforms) = postSolution
		{0C64B5C1-4BB3-DA69-C859-91B043A24773}.Debug|Any CPU.ActiveCfg = Debug|Any CPU
		{0C64B5C1-4BB3-DA69-C859-91B043A24773}.Debug|Any CPU.Build.0 = Debug|Any CPU
		{0C64B5C1-4BB3-DA69-C859-91B043A24773}.Release|Any CPU.ActiveCfg = Release|Any CPU
		{0C64B5C1-4BB3-DA69-C859-91B043A24773}.Release|Any CPU.Build.0 = Release|Any CPU
		{2E0E6FB0-6C73-47F5-F4A9-37998A6F3795}.Debug|Any CPU.ActiveCfg = Debug|Any CPU
		{2E0E6FB0-6C73-47F5-F4A9-37998A6F3795}.Debug|Any CPU.Build.0 = Debug|Any CPU
		{2E0E6FB0-6C73-47F5-F4A9-37998A6F3795}.Release|Any CPU.ActiveCfg = Release|Any CPU
		{2E0E6FB0-6C73-47F5-F4A9-37998A6F3795}.Release|Any CPU.Build.0 = Release|Any CPU
	EndGlobalSection
	GlobalSection(SolutionProperties) = preSolution
		HideSolutionNode = FALSE
	EndGlobalSection
EndGlobal
