
Microsoft Visual Studio Solution File, Format Version 12.00
# Visual Studio 15
Project("{FAE04EC0-301F-11D3-BF4B-00C04F79EFBC}") = "Begin.Plugins", "Begin.Plugins.csproj", "{8F986EBA-B9D5-4A81-E870-069A216A22FB}"
EndProject
Project("{FAE04EC0-301F-11D3-BF4B-00C04F79EFBC}") = "Begin.Editor.Plugins", "Begin.Editor.Plugins.csproj", "{09735FDD-7620-B376-2A2C-C4599F9A19F6}"
EndProject
Global
	GlobalSection(SolutionConfigurationPlatforms) = preSolution
		Debug|Any CPU = Debug|Any CPU
		Release|Any CPU = Release|Any CPU
	EndGlobalSection
	GlobalSection(ProjectConfigurationPlatforms) = postSolution
		{8F986EBA-B9D5-4A81-E870-069A216A22FB}.Debug|Any CPU.ActiveCfg = Debug|Any CPU
		{8F986EBA-B9D5-4A81-E870-069A216A22FB}.Debug|Any CPU.Build.0 = Debug|Any CPU
		{8F986EBA-B9D5-4A81-E870-069A216A22FB}.Release|Any CPU.ActiveCfg = Release|Any CPU
		{8F986EBA-B9D5-4A81-E870-069A216A22FB}.Release|Any CPU.Build.0 = Release|Any CPU
		{09735FDD-7620-B376-2A2C-C4599F9A19F6}.Debug|Any CPU.ActiveCfg = Debug|Any CPU
		{09735FDD-7620-B376-2A2C-C4599F9A19F6}.Debug|Any CPU.Build.0 = Debug|Any CPU
		{09735FDD-7620-B376-2A2C-C4599F9A19F6}.Release|Any CPU.ActiveCfg = Release|Any CPU
		{09735FDD-7620-B376-2A2C-C4599F9A19F6}.Release|Any CPU.Build.0 = Release|Any CPU
	EndGlobalSection
	GlobalSection(SolutionProperties) = preSolution
		HideSolutionNode = FALSE
	EndGlobalSection
EndGlobal
